
Microsoft Visual Studio Solution File, Format Version 12.00
# Visual Studio Version 17
VisualStudioVersion = 17.3.32929.385
MinimumVisualStudioVersion = 10.0.40219.1
Project("{FAE04EC0-301F-11D3-BF4B-00C04F79EFBC}") = "Athenaeum API", "Athenaeum API\Athenaeum API.csproj", "{39FD8A19-AFA2-4236-B9FD-A29F4134B5BA}"
EndProject
Global
	GlobalSection(SolutionConfigurationPlatforms) = preSolution
		Debug|Any CPU = Debug|Any CPU
		Release|Any CPU = Release|Any CPU
	EndGlobalSection
	GlobalSection(ProjectConfigurationPlatforms) = postSolution
		{39FD8A19-AFA2-4236-B9FD-A29F4134B5BA}.Debug|Any CPU.ActiveCfg = Debug|Any CPU
		{39FD8A19-AFA2-4236-B9FD-A29F4134B5BA}.Debug|Any CPU.Build.0 = Debug|Any CPU
		{39FD8A19-AFA2-4236-B9FD-A29F4134B5BA}.Release|Any CPU.ActiveCfg = Release|Any CPU
		{39FD8A19-AFA2-4236-B9FD-A29F4134B5BA}.Release|Any CPU.Build.0 = Release|Any CPU
	EndGlobalSection
	GlobalSection(SolutionProperties) = preSolution
		HideSolutionNode = FALSE
	EndGlobalSection
	GlobalSection(ExtensibilityGlobals) = postSolution
		SolutionGuid = {699C6242-4868-4277-AB3F-A7D86EE0A0BD}
	EndGlobalSection
EndGlobal
